
Microsoft Visual Studio Solution File, Format Version 12.00
# Visual Studio Version 17
VisualStudioVersion = 17.5.33502.453
MinimumVisualStudioVersion = 10.0.40219.1
Project("{FAE04EC0-301F-11D3-BF4B-00C04F79EFBC}") = "RecipeAppWPF(2024)", "RecipeAppWPF(2024)\RecipeAppWPF(2024).csproj", "{155CE4B1-EA47-4461-9719-1F6E575AC35E}"
EndProject
Global
	GlobalSection(SolutionConfigurationPlatforms) = preSolution
		Debug|Any CPU = Debug|Any CPU
		Release|Any CPU = Release|Any CPU
	EndGlobalSection
	GlobalSection(ProjectConfigurationPlatforms) = postSolution
		{155CE4B1-EA47-4461-9719-1F6E575AC35E}.Debug|Any CPU.ActiveCfg = Debug|Any CPU
		{155CE4B1-EA47-4461-9719-1F6E575AC35E}.Debug|Any CPU.Build.0 = Debug|Any CPU
		{155CE4B1-EA47-4461-9719-1F6E575AC35E}.Release|Any CPU.ActiveCfg = Release|Any CPU
		{155CE4B1-EA47-4461-9719-1F6E575AC35E}.Release|Any CPU.Build.0 = Release|Any CPU
	EndGlobalSection
	GlobalSection(SolutionProperties) = preSolution
		HideSolutionNode = FALSE
	EndGlobalSection
	GlobalSection(ExtensibilityGlobals) = postSolution
		SolutionGuid = {7C5B07D3-4B2D-4114-A534-0F21A2E4A0A4}
	EndGlobalSection
EndGlobal
